{
  "name": "flash",
  "version": "1.0.0",
  "lockfileVersion": 3,
  "requires": true,
  "packages": {
    "": {
      "name": "flash",
      "version": "1.0.0",
      "license": "ISC",
      "dependencies": {
        "as3js": "^0.3.3"
      }
    },
    "node_modules/as3js": {
      "version": "0.3.3",
      "resolved": "https://registry.npmjs.org/as3js/-/as3js-0.3.3.tgz",
      "integrity": "sha512-vo6NiGGGxHVl1gP2kMnFzKbn7jTFR8B4i+CAQIaB7zqgMHWFpHYnUnMGsU03+j2V7GHOtZTHpeoHzkStkvVcTg==",
      "license": "MIT",
      "bin": {
        "as3js": "bin/as3jsc.js"
      }
    }
  }
}
